
Microsoft Visual Studio Solution File, Format Version 12.00
# Visual Studio 15
VisualStudioVersion = 15.0.26730.16
MinimumVisualStudioVersion = 10.0.40219.1
Project("{FAE04EC0-301F-11D3-BF4B-00C04F79EFBC}") = "UnchurisApp", "UnchurisApp\UnchurisApp.csproj", "{46D75895-826A-414D-AC39-33FD3CE46984}"
EndProject
Global
	GlobalSection(SolutionConfigurationPlatforms) = preSolution
		Debug|Any CPU = Debug|Any CPU
		Release|Any CPU = Release|Any CPU
	EndGlobalSection
	GlobalSection(ProjectConfigurationPlatforms) = postSolution
		{46D75895-826A-414D-AC39-33FD3CE46984}.Debug|Any CPU.ActiveCfg = Debug|Any CPU
		{46D75895-826A-414D-AC39-33FD3CE46984}.Debug|Any CPU.Build.0 = Debug|Any CPU
		{46D75895-826A-414D-AC39-33FD3CE46984}.Release|Any CPU.ActiveCfg = Release|Any CPU
		{46D75895-826A-414D-AC39-33FD3CE46984}.Release|Any CPU.Build.0 = Release|Any CPU
	EndGlobalSection
	GlobalSection(SolutionProperties) = preSolution
		HideSolutionNode = FALSE
	EndGlobalSection
	GlobalSection(ExtensibilityGlobals) = postSolution
		SolutionGuid = {328603DB-D723-4C0E-911E-204E41BDB4A4}
	EndGlobalSection
EndGlobal
